
Microsoft Visual Studio Solution File, Format Version 12.00
# Visual Studio Version 17
VisualStudioVersion = 17.3.32929.385
MinimumVisualStudioVersion = 10.0.40219.1
Project("{9A19103F-16F7-4668-BE54-9A1E7A4F7556}") = "Spearfishing", "Spearfishing.csproj", "{C45EEFA1-1BE2-429A-AAAE-487DA4E16CF4}"
EndProject
Global
	GlobalSection(SolutionConfigurationPlatforms) = preSolution
		Debug|Any CPU = Debug|Any CPU
		Release|Any CPU = Release|Any CPU
	EndGlobalSection
	GlobalSection(ProjectConfigurationPlatforms) = postSolution
		{C45EEFA1-1BE2-429A-AAAE-487DA4E16CF4}.Debug|Any CPU.ActiveCfg = Debug|Any CPU
		{C45EEFA1-1BE2-429A-AAAE-487DA4E16CF4}.Debug|Any CPU.Build.0 = Debug|Any CPU
		{C45EEFA1-1BE2-429A-AAAE-487DA4E16CF4}.Release|Any CPU.ActiveCfg = Release|Any CPU
		{C45EEFA1-1BE2-429A-AAAE-487DA4E16CF4}.Release|Any CPU.Build.0 = Release|Any CPU
	EndGlobalSection
	GlobalSection(SolutionProperties) = preSolution
		HideSolutionNode = FALSE
	EndGlobalSection
	GlobalSection(ExtensibilityGlobals) = postSolution
		SolutionGuid = {FD0EC807-4450-48FF-B0BF-D100424C1516}
	EndGlobalSection
EndGlobal
